Microsoft Visual Studio Solution File, Format Version 12.00
# Visual Studio 2012
Project("{FAE04EC0-301F-11D3-BF4B-00C04F79EFBC}") = "Batpu2 VM", "Batpu2 VM.csproj", "{3C41F254-6DF4-423B-B894-3697B47A1540}"
EndProject
Global
	GlobalSection(SolutionConfigurationPlatforms) = preSolution
	Debug|Any CPU = Debug|Any CPU
	ExportDebug|Any CPU = ExportDebug|Any CPU
	ExportRelease|Any CPU = ExportRelease|Any CPU
	EndGlobalSection
	GlobalSection(ProjectConfigurationPlatforms) = postSolution
		{3C41F254-6DF4-423B-B894-3697B47A1540}.Debug|Any CPU.ActiveCfg = Debug|Any CPU
		{3C41F254-6DF4-423B-B894-3697B47A1540}.Debug|Any CPU.Build.0 = Debug|Any CPU
		{3C41F254-6DF4-423B-B894-3697B47A1540}.ExportDebug|Any CPU.ActiveCfg = ExportDebug|Any CPU
		{3C41F254-6DF4-423B-B894-3697B47A1540}.ExportDebug|Any CPU.Build.0 = ExportDebug|Any CPU
		{3C41F254-6DF4-423B-B894-3697B47A1540}.ExportRelease|Any CPU.ActiveCfg = ExportRelease|Any CPU
		{3C41F254-6DF4-423B-B894-3697B47A1540}.ExportRelease|Any CPU.Build.0 = ExportRelease|Any CPU
	EndGlobalSection
EndGlobal
